// !$*UTF8*$!
{
	archiveVersion = 1;
	classes = {
	};
	objectVersion = 46;
	objects = {

/* Begin PBXBuildFile section */
		15EB2FC21EA3F73D00DB21AA /* AppDelegate.swift in Sources */ = {isa = PBXBuildFile; fileRef = 15EB2FC11EA3F73D00DB21AA /* AppDelegate.swift */; };
		15EB2FC41EA3F73D00DB21AA /* ViewController.swift in Sources */ = {isa = PBXBuildFile; fileRef = 15EB2FC31EA3F73D00DB21AA /* ViewController.swift */; };
		15EB2FC71EA3F73D00DB21AA /* Main.storyboard in Resources */ = {isa = PBXBuildFile; fileRef = 15EB2FC51EA3F73D00DB21AA /* Main.storyboard */; };
		15EB2FC91EA3F73D00DB21AA /* Assets.xcassets in Resources */ = {isa = PBXBuildFile; fileRef = 15EB2FC81EA3F73D00DB21AA /* Assets.xcassets */; };
		15EB2FCC1EA3F73D00DB21AA /* LaunchScreen.storyboard in Resources */ = {isa = PBXBuildFile; fileRef = 15EB2FCA1EA3F73D00DB21AA /* LaunchScreen.storyboard */; };
/* End PBXBuildFile section */

/* Begin PBXFileReference section */
		15EB2FBE1EA3F73D00DB21AA /* MagicalGrid.app */ = {isa = PBXFileReference; explicitFileType = wrapper.application; includeInIndex = 0; path = MagicalGrid.app; sourceTree = BUILT_PRODUCTS_DIR; };
		15EB2FC11EA3F73D00DB21AA /* AppDelegate.swift */ = {isa = PBXFileReference; lastKnownFileType = sourcecode.swift; path = AppDelegate.swift; sourceTree = "<group>"; };
		15EB2FC31EA3F73D00DB21AA /* ViewController.swift */ = {isa = PBXFileReference; lastKnownFileType = sourcecode.swift; path = ViewController.swift; sourceTree = "<group>"; };
		15EB2FC61EA3F73D00DB21AA /* Base */ = {isa = PBXFileReference; lastKnownFileType = file.storyboard; name = Base; path = Base.lproj/Main.storyboard; sourceTree = "<group>"; };
		15EB2FC81EA3F73D00DB21AA /* Assets.xcassets */ = {isa = PBXFileReference; lastKnownFileType = folder.assetcatalog; path = Assets.xcassets; sourceTree = "<group>"; };
		15EB2FCB1EA3F73D00DB21AA /* Base */ = {isa = PBXFileReference; lastKnownFileType = file.storyboard; name = Base; path = Base.lproj/LaunchScreen.storyboard; sourceTree = "<group>"; };
		15EB2FCD1EA3F73D00DB21AA /* Info.plist */ = {isa = PBXFileReference; lastKnownFileType = text.plist.xml; path = Info.plist; sourceTree = "<group>"; };
/* End PBXFileReference section */

/* Begin PBXFrameworksBuildPhase section */
		15EB2FBB1EA3F73D00DB21AA /* Frameworks */ = {
			isa = PBXFrameworksBuildPhase;
			buildActionMask = 2147483647;
			files = (
			);
			runOnlyForDeploymentPostprocessing = 0;
		};
/* End PBXFrameworksBuildPhase section */

/* Begin PBXGroup section */
		15EB2FB51EA3F73D00DB21AA = {
			isa = PBXGroup;
			children = (
				15EB2FC01EA3F73D00DB21AA /* MagicalGrid */,
				15EB2FBF1EA3F73D00DB21AA /* Products */,
			);
			sourceTree = "<group>";
		};
		15EB2FBF1EA3F73D00DB21AA /* Products */ = {
			isa = PBXGroup;
			children = (
				15EB2FBE1EA3F73D00DB21AA /* MagicalGrid.app */,
			);
			name = Products;
			sourceTree = "<group>";
		};
		15EB2FC01EA3F73D00DB21AA /* MagicalGrid */ = {
			isa = PBXGroup;
			children = (
				15EB2FC11EA3F73D00DB21AA /* AppDelegate.swift */,
				15EB2FC31EA3F73D00DB21AA /* ViewController.swift */,
				15EB2FC51EA3F73D00DB21AA /* Main.storyboard */,
				15EB2FC81EA3F73D00DB21AA /* Assets.xcassets */,
				15EB2FCA1EA3F73D00DB21AA /* LaunchScreen.storyboard */,
				15EB2FCD1EA3F73D00DB21AA /* Info.plist */,
			);
			path = MagicalGrid;
			sourceTree = "<group>";
		};
/* End PBXGroup section */

/* Begin PBXNativeTarget section */
		15EB2FBD1EA3F73D00DB21AA /* MagicalGrid */ = {
			isa = PBXNativeTarget;
			buildConfigurationList = 15EB2FD01EA3F73D00DB21AA /* Build configuration list for PBXNativeTarget "MagicalGrid" */;
			buildPhases = (
				15EB2FBA1EA3F73D00DB21AA /* Sources */,
				15EB2FBB1EA3F73D00DB21AA /* Frameworks */,
				15EB2FBC1EA3F73D00DB21AA /* Resources */,
			);
			buildRules = (
			);
			dependencies = (
			);
			name = MagicalGrid;
			productName = MagicalGrid;
			productReference = 15EB2FBE1EA3F73D00DB21AA /* MagicalGrid.app */;
			productType = "com.apple.product-type.application";
		};
/* End PBXNativeTarget section */

/* Begin PBXProject section */
		15EB2FB61EA3F73D00DB21AA /* Project object */ = {
			isa = PBXProject;
			attributes = {
				LastSwiftUpdateCheck = 0830;
				LastUpgradeCheck = 0830;
				ORGANIZATIONNAME = "Alberto Jauregui";
				TargetAttributes = {
					15EB2FBD1EA3F73D00DB21AA = {
						CreatedOnToolsVersion = 8.3;
						DevelopmentTeam = FJ95Q8249X;
						ProvisioningStyle = Automatic;
					};
				};
			};
			buildConfigurationList = 15EB2FB91EA3F73D00DB21AA /* Build configuration list for PBXProject "MagicalGrid" */;
			compatibilityVersion = "Xcode 3.2";
			developmentRegion = English;
			hasScannedForEncodings = 0;
			knownRegions = (
				en,
				Base,
			);
			mainGroup = 15EB2FB51EA3F73D00DB21AA;
			productRefGroup = 15EB2FBF1EA3F73D00DB21AA /* Products */;
			projectDirPath = "";
			projectRoot = "";
			targets = (
				15EB2FBD1EA3F73D00DB21AA /* MagicalGrid */,
			);
		};
/* End PBXProject section */

/* Begin PBXResourcesBuildPhase section */
		15EB2FBC1EA3F73D00DB21AA /* Resources */ = {
			isa = PBXResourcesBuildPhase;
			buildActionMask = 2147483647;
			files = (
				15EB2FCC1EA3F73D00DB21AA /* LaunchScreen.storyboard in Resources */,
				15EB2FC91EA3F73D00DB21AA /* Assets.xcassets in Resources */,
				15EB2FC71EA3F73D00DB21AA /* Main.storyboard in Resources */,
			);
			runOnlyForDeploymentPostprocessing = 0;
		};
/* End PBXResourcesBuildPhase section */

/* Begin PBXSourcesBuildPhase section */
		15EB2FBA1EA3F73D00DB21AA /* Sources */ = {
			isa = PBXSourcesBuildPhase;
			buildActionMask = 2147483647;
			files = (
				15EB2FC41EA3F73D00DB21AA /* ViewController.swift in Sources */,
				15EB2FC21EA3F73D00DB21AA /* AppDelegate.swift in Sources */,
			);
			runOnlyForDeploymentPostprocessing = 0;
		};
/* End PBXSourcesBuildPhase section */

/* Begin PBXVariantGroup section */
		15EB2FC51EA3F73D00DB21AA /* Main.storyboard */ = {
			isa = PBXVariantGroup;
			children = (
				15EB2FC61EA3F73D00DB21AA /* Base */,
			);
			name = Main.storyboard;
			sourceTree = "<group>";
		};
		15EB2FCA1EA3F73D00DB21AA /* LaunchScreen.storyboard */ = {
			isa = PBXVariantGroup;
			children = (
				15EB2FCB1EA3F73D00DB21AA /* Base */,
			);
			name = LaunchScreen.storyboard;
			sourceTree = "<group>";
		};
/* End PBXVariantGroup section */

/* Begin XCBuildConfiguration section */
		15EB2FCE1EA3F73D00DB21AA /* Debug */ = {
			isa = XCBuildConfiguration;
			buildSettings = {
				ALWAYS_SEARCH_USER_PATHS = NO;
				CLANG_ANALYZER_NONNULL = YES;
				CLANG_ANALYZER_NUMBER_OBJECT_CONVERSION = YES_AGGRESSIVE;
				CLANG_CXX_LANGUAGE_STANDARD = "gnu++0x";
				CLANG_CXX_LIBRARY = "libc++";
				CLANG_ENABLE_MODULES = YES;
				CLANG_ENABLE_OBJC_ARC = YES;
				CLANG_WARN_BOOL_CONVERSION = YES;
				CLANG_WARN_CONSTANT_CONVERSION = YES;
				CLANG_WARN_DIRECT_OBJC_ISA_USAGE = YES_ERROR;
				CLANG_WARN_DOCUMENTATION_COMMENTS = YES;
				CLANG_WARN_EMPTY_BODY = YES;
				CLANG_WARN_ENUM_CONVERSION = YES;
				CLANG_WARN_INFINITE_RECURSION = YES;
				CLANG_WARN_INT_CONVERSION = YES;
				CLANG_WARN_OBJC_ROOT_CLASS = YES_ERROR;
				CLANG_WARN_SUSPICIOUS_MOVE = YES;
				CLANG_WARN_UNREACHABLE_CODE = YES;
				CLANG_WARN__DUPLICATE_METHOD_MATCH = YES;
				"CODE_SIGN_IDENTITY[sdk=iphoneos*]" = "iPhone Developer";
				COPY_PHASE_STRIP = NO;
				DEBUG_INFORMATION_FORMAT = dwarf;
				ENABLE_STRICT_OBJC_MSGSEND = YES;
				ENABLE_TESTABILITY = YES;
				GCC_C_LANGUAGE_STANDARD = gnu99;
				GCC_DYNAMIC_NO_PIC = NO;
				GCC_NO_COMMON_BLOCKS = YES;
				GCC_OPTIMIZATION_LEVEL = 0;
				GCC_PREPROCESSOR_DEFINITIONS = (
					"DEBUG=1",
					"$(inherited)",
				);
				GCC_WARN_64_TO_32_BIT_CONVERSION = YES;
				GCC_WARN_ABOUT_RETURN_TYPE = YES_ERROR;
				GCC_WARN_UNDECLARED_SELECTOR = YES;
				GCC_WARN_UNINITIALIZED_AUTOS = YES_AGGRESSIVE;
				GCC_WARN_UNUSED_FUNCTION = YES;
				GCC_WARN_UNUSED_VARIABLE = YES;
				IPHONEOS_DEPLOYMENT_TARGET = 10.3;
				MTL_ENABLE_DEBUG_INFO = YES;
				ONLY_ACTIVE_ARCH = YES;
				SDKROOT = iphoneos;
				SWIFT_ACTIVE_COMPILATION_CONDITIONS = DEBUG;
				SWIFT_OPTIMIZATION_LEVEL = "-Onone";
			};
			name = Debug;
		};
		15EB2FCF1EA3F73D00DB21AA /* Release */ = {
			isa = XCBuildConfiguration;
			buildSettings = {
				ALWAYS_SEARCH_USER_PATHS = NO;
				CLANG_ANALYZER_NONNULL = YES;
				CLANG_ANALYZER_NUMBER_OBJECT_CONVERSION = YES_AGGRESSIVE;
				CLANG_CXX_LANGUAGE_STANDARD = "gnu++0x";
				CLANG_CXX_LIBRARY = "libc++";
				CLANG_ENABLE_MODULES = YES;
				CLANG_ENABLE_OBJC_ARC = YES;
				CLANG_WARN_BOOL_CONVERSION = YES;
				CLANG_WARN_CONSTANT_CONVERSION = YES;
				CLANG_WARN_DIRECT_OBJC_ISA_USAGE = YES_ERROR;
				CLANG_WARN_DOCUMENTATION_COMMENTS = YES;
				CLANG_WARN_EMPTY_BODY = YES;
				CLANG_WARN_ENUM_CONVERSION = YES;
				CLANG_WARN_INFINITE_RECURSION = YES;
				CLANG_WARN_INT_CONVERSION = YES;
				CLANG_WARN_OBJC_ROOT_CLASS = YES_ERROR;
				CLANG_WARN_SUSPICIOUS_MOVE = YES;
				CLANG_WARN_UNREACHABLE_CODE = YES;
				CLANG_WARN__DUPLICATE_METHOD_MATCH = YES;
				"CODE_SIGN_IDENTITY[sdk=iphoneos*]" = "iPhone Developer";
				COPY_PHASE_STRIP = NO;
				DEBUG_INFORMATION_FORMAT = "dwarf-with-dsym";
				ENABLE_NS_ASSERTIONS = NO;
				ENABLE_STRICT_OBJC_MSGSEND = YES;
				GCC_C_LANGUAGE_STANDARD = gnu99;
				GCC_NO_COMMON_BLOCKS = YES;
				GCC_WARN_64_TO_32_BIT_CONVERSION = YES;
				GCC_WARN_ABOUT_RETURN_TYPE = YES_ERROR;
				GCC_WARN_UNDECLARED_SELECTOR = YES;
				GCC_WARN_UNINITIALIZED_AUTOS = YES_AGGRESSIVE;
				GCC_WARN_UNUSED_FUNCTION = YES;
				GCC_WARN_UNUSED_VARIABLE = YES;
				IPHONEOS_DEPLOYMENT_TARGET = 10.3;
				MTL_ENABLE_DEBUG_INFO = NO;
				SDKROOT = iphoneos;
				SWIFT_OPTIMIZATION_LEVEL = "-Owholemodule";
				VALIDATE_PRODUCT = YES;
			};
			name = Release;
		};
		15EB2FD11EA3F73D00DB21AA /* Debug */ = {
			isa = XCBuildConfiguration;
			buildSettings = {
				ASSETCATALOG_COMPILER_APPICON_NAME = AppIcon;
				DEVELOPMENT_TEAM = FJ95Q8249X;
				INFOPLIST_FILE = MagicalGrid/Info.plist;
				LD_RUNPATH_SEARCH_PATHS = "$(inherited) @executable_path/Frameworks";
				PRODUCT_BUNDLE_IDENTIFIER = com.albertojauregui.MagicalGrid;
				PRODUCT_NAME = "$(TARGET_NAME)";
				SWIFT_VERSION = 3.0;
			};
			name = Debug;
		};
		15EB2FD21EA3F73D00DB21AA /* Release */ = {
			isa = XCBuildConfiguration;
			buildSettings = {
				ASSETCATALOG_COMPILER_APPICON_NAME = AppIcon;
				DEVELOPMENT_TEAM = FJ95Q8249X;
				INFOPLIST_FILE = MagicalGrid/Info.plist;
				LD_RUNPATH_SEARCH_PATHS = "$(inherited) @executable_path/Frameworks";
				PRODUCT_BUNDLE_IDENTIFIER = com.albertojauregui.MagicalGrid;
				PRODUCT_NAME = "$(TARGET_NAME)";
				SWIFT_VERSION = 3.0;
			};
			name = Release;
		};
/* End XCBuildConfiguration section */

/* Begin XCConfigurationList section */
		15EB2FB91EA3F73D00DB21AA /* Build configuration list for PBXProject "MagicalGrid" */ = {
			isa = XCConfigurationList;
			buildConfigurations = (
				15EB2FCE1EA3F73D00DB21AA /* Debug */,
				15EB2FCF1EA3F73D00DB21AA /* Release */,
			);
			defaultConfigurationIsVisible = 0;
			defaultConfigurationName = Release;
		};
		15EB2FD01EA3F73D00DB21AA /* Build configuration list for PBXNativeTarget "MagicalGrid" */ = {
			isa = XCConfigurationList;
			buildConfigurations = (
				15EB2FD11EA3F73D00DB21AA /* Debug */,
				15EB2FD21EA3F73D00DB21AA /* Release */,
			);
			defaultConfigurationIsVisible = 0;
		};
/* End XCConfigurationList section */
	};
	rootObject = 15EB2FB61EA3F73D00DB21AA /* Project object */;
}
